
Microsoft Visual Studio Solution File, Format Version 12.00
# Visual Studio Version 17
VisualStudioVersion = 17.9.34728.123
MinimumVisualStudioVersion = 10.0.40219.1
Project("{2150E333-8FDC-42A3-9474-1A3956D46DE8}") = "src", "src", "{74C78AD4-B8D1-4646-AA46-ADED7319519E}"
EndProject
Project("{2150E333-8FDC-42A3-9474-1A3956D46DE8}") = "corePackages", "corePackages", "{8389BD40-B70E-48E6-956F-2A75CC5E94E5}"
EndProject
Project("{2150E333-8FDC-42A3-9474-1A3956D46DE8}") = "projects", "projects", "{60F8EF4A-F922-4135-B695-632C6259EAE6}"
EndProject
Project("{2150E333-8FDC-42A3-9474-1A3956D46DE8}") = "rentACar", "rentACar", "{DA0C7303-A7E4-44AF-8427-A62F37855A79}"
EndProject
Project("{FAE04EC0-301F-11D3-BF4B-00C04F79EFBC}") = "Application", "Application\Application.csproj", "{D0AC6FBE-E633-425C-8C4C-9E787584B22D}"
EndProject
Project("{FAE04EC0-301F-11D3-BF4B-00C04F79EFBC}") = "Domain", "Domain\Domain.csproj", "{9DFA396B-1A95-4444-A315-F295EC454539}"
EndProject
Project("{FAE04EC0-301F-11D3-BF4B-00C04F79EFBC}") = "Infrastructure", "Infrastructure\Infrastructure.csproj", "{34438729-C2A3-425C-BFDC-992FCDE85DB9}"
EndProject
Project("{FAE04EC0-301F-11D3-BF4B-00C04F79EFBC}") = "Persistence", "Persistence\Persistence.csproj", "{5F9161F2-8B87-4C21-BE1E-564B5F280150}"
EndProject
Project("{FAE04EC0-301F-11D3-BF4B-00C04F79EFBC}") = "WebAPI", "WebAPI\WebAPI.csproj", "{47CA724A-2B17-47ED-8042-05963AE001B3}"
EndProject
Project("{FAE04EC0-301F-11D3-BF4B-00C04F79EFBC}") = "Core.Persistence", "Core.Persistence\Core.Persistence.csproj", "{7A1B5387-099E-4D04-A658-0DACA1B81791}"
EndProject
Project("{FAE04EC0-301F-11D3-BF4B-00C04F79EFBC}") = "Core.CrossCuttingConcerns", "Core.CrossCuttingConcerns\Core.CrossCuttingConcerns.csproj", "{4001804C-1C6C-4DBC-B7C3-642245D40836}"
EndProject
Global
	GlobalSection(SolutionConfigurationPlatforms) = preSolution
		Debug|Any CPU = Debug|Any CPU
		Release|Any CPU = Release|Any CPU
	EndGlobalSection
	GlobalSection(ProjectConfigurationPlatforms) = postSolution
		{D0AC6FBE-E633-425C-8C4C-9E787584B22D}.Debug|Any CPU.ActiveCfg = Debug|Any CPU
		{D0AC6FBE-E633-425C-8C4C-9E787584B22D}.Debug|Any CPU.Build.0 = Debug|Any CPU
		{D0AC6FBE-E633-425C-8C4C-9E787584B22D}.Release|Any CPU.ActiveCfg = Release|Any CPU
		{D0AC6FBE-E633-425C-8C4C-9E787584B22D}.Release|Any CPU.Build.0 = Release|Any CPU
		{9DFA396B-1A95-4444-A315-F295EC454539}.Debug|Any CPU.ActiveCfg = Debug|Any CPU
		{9DFA396B-1A95-4444-A315-F295EC454539}.Debug|Any CPU.Build.0 = Debug|Any CPU
		{9DFA396B-1A95-4444-A315-F295EC454539}.Release|Any CPU.ActiveCfg = Release|Any CPU
		{9DFA396B-1A95-4444-A315-F295EC454539}.Release|Any CPU.Build.0 = Release|Any CPU
		{34438729-C2A3-425C-BFDC-992FCDE85DB9}.Debug|Any CPU.ActiveCfg = Debug|Any CPU
		{34438729-C2A3-425C-BFDC-992FCDE85DB9}.Debug|Any CPU.Build.0 = Debug|Any CPU
		{34438729-C2A3-425C-BFDC-992FCDE85DB9}.Release|Any CPU.ActiveCfg = Release|Any CPU
		{34438729-C2A3-425C-BFDC-992FCDE85DB9}.Release|Any CPU.Build.0 = Release|Any CPU
		{5F9161F2-8B87-4C21-BE1E-564B5F280150}.Debug|Any CPU.ActiveCfg = Debug|Any CPU
		{5F9161F2-8B87-4C21-BE1E-564B5F280150}.Debug|Any CPU.Build.0 = Debug|Any CPU
		{5F9161F2-8B87-4C21-BE1E-564B5F280150}.Release|Any CPU.ActiveCfg = Release|Any CPU
		{5F9161F2-8B87-4C21-BE1E-564B5F280150}.Release|Any CPU.Build.0 = Release|Any CPU
		{47CA724A-2B17-47ED-8042-05963AE001B3}.Debug|Any CPU.ActiveCfg = Debug|Any CPU
		{47CA724A-2B17-47ED-8042-05963AE001B3}.Debug|Any CPU.Build.0 = Debug|Any CPU
		{47CA724A-2B17-47ED-8042-05963AE001B3}.Release|Any CPU.ActiveCfg = Release|Any CPU
		{47CA724A-2B17-47ED-8042-05963AE001B3}.Release|Any CPU.Build.0 = Release|Any CPU
		{7A1B5387-099E-4D04-A658-0DACA1B81791}.Debug|Any CPU.ActiveCfg = Debug|Any CPU
		{7A1B5387-099E-4D04-A658-0DACA1B81791}.Debug|Any CPU.Build.0 = Debug|Any CPU
		{7A1B5387-099E-4D04-A658-0DACA1B81791}.Release|Any CPU.ActiveCfg = Release|Any CPU
		{7A1B5387-099E-4D04-A658-0DACA1B81791}.Release|Any CPU.Build.0 = Release|Any CPU
		{4001804C-1C6C-4DBC-B7C3-642245D40836}.Debug|Any CPU.ActiveCfg = Debug|Any CPU
		{4001804C-1C6C-4DBC-B7C3-642245D40836}.Debug|Any CPU.Build.0 = Debug|Any CPU
		{4001804C-1C6C-4DBC-B7C3-642245D40836}.Release|Any CPU.ActiveCfg = Release|Any CPU
		{4001804C-1C6C-4DBC-B7C3-642245D40836}.Release|Any CPU.Build.0 = Release|Any CPU
	EndGlobalSection
	GlobalSection(SolutionProperties) = preSolution
		HideSolutionNode = FALSE
	EndGlobalSection
	GlobalSection(NestedProjects) = preSolution
		{8389BD40-B70E-48E6-956F-2A75CC5E94E5} = {74C78AD4-B8D1-4646-AA46-ADED7319519E}
		{60F8EF4A-F922-4135-B695-632C6259EAE6} = {74C78AD4-B8D1-4646-AA46-ADED7319519E}
		{DA0C7303-A7E4-44AF-8427-A62F37855A79} = {60F8EF4A-F922-4135-B695-632C6259EAE6}
		{D0AC6FBE-E633-425C-8C4C-9E787584B22D} = {DA0C7303-A7E4-44AF-8427-A62F37855A79}
		{9DFA396B-1A95-4444-A315-F295EC454539} = {DA0C7303-A7E4-44AF-8427-A62F37855A79}
		{34438729-C2A3-425C-BFDC-992FCDE85DB9} = {DA0C7303-A7E4-44AF-8427-A62F37855A79}
		{5F9161F2-8B87-4C21-BE1E-564B5F280150} = {DA0C7303-A7E4-44AF-8427-A62F37855A79}
		{47CA724A-2B17-47ED-8042-05963AE001B3} = {DA0C7303-A7E4-44AF-8427-A62F37855A79}
		{7A1B5387-099E-4D04-A658-0DACA1B81791} = {8389BD40-B70E-48E6-956F-2A75CC5E94E5}
		{4001804C-1C6C-4DBC-B7C3-642245D40836} = {8389BD40-B70E-48E6-956F-2A75CC5E94E5}
	EndGlobalSection
	GlobalSection(ExtensibilityGlobals) = postSolution
		SolutionGuid = {D5D8D2DC-3F93-4C4B-8344-6FED3B69F552}
	EndGlobalSection
EndGlobal
